// !$*UTF8*$!
{
	archiveVersion = 1;
	classes = {
	};
	objectVersion = 46;
	objects = {

/* Begin PBXBuildFile section */
		D4F1E6D51A22040F00C7F394 /* main.c in Sources */ = {isa = PBXBuildFile; fileRef = D4F1E6D41A22040F00C7F394 /* main.c */; };
		D4F1E6DF1A2204A100C7F394 /* dfu.c in Sources */ = {isa = PBXBuildFile; fileRef = D4F1E6DB1A2204A100C7F394 /* dfu.c */; };
		D4F1E6E01A2204A100C7F394 /* usb_device.c in Sources */ = {isa = PBXBuildFile; fileRef = D4F1E6DD1A2204A100C7F394 /* usb_device.c */; };
		D4F1E6E31A220C0800C7F394 /* dfu_file.c in Sources */ = {isa = PBXBuildFile; fileRef = D4F1E6E11A220C0800C7F394 /* dfu_file.c */; };
/* End PBXBuildFile section */

/* Begin PBXCopyFilesBuildPhase section */
		D4F1E6CF1A22040F00C7F394 /* CopyFiles */ = {
			isa = PBXCopyFilesBuildPhase;
			buildActionMask = 2147483647;
			dstPath = /usr/share/man/man1/;
			dstSubfolderSpec = 0;
			files = (
			);
			runOnlyForDeploymentPostprocessing = 1;
		};
/* End PBXCopyFilesBuildPhase section */

/* Begin PBXFileReference section */
		D4F1E6D11A22040F00C7F394 /* dfu-util */ = {isa = PBXFileReference; explicitFileType = "compiled.mach-o.executable"; includeInIndex = 0; path = "dfu-util"; sourceTree = BUILT_PRODUCTS_DIR; };
		D4F1E6D41A22040F00C7F394 /* main.c */ = {isa = PBXFileReference; lastKnownFileType = sourcecode.c.c; path = main.c; sourceTree = "<group>"; };
		D4F1E6DB1A2204A100C7F394 /* dfu.c */ = {isa = PBXFileReference; fileEncoding = 4; lastKnownFileType = sourcecode.c.c; path = dfu.c; sourceTree = "<group>"; };
		D4F1E6DC1A2204A100C7F394 /* dfu.h */ = {isa = PBXFileReference; fileEncoding = 4; lastKnownFileType = sourcecode.c.h; path = dfu.h; sourceTree = "<group>"; };
		D4F1E6DD1A2204A100C7F394 /* usb_device.c */ = {isa = PBXFileReference; fileEncoding = 4; lastKnownFileType = sourcecode.c.c; path = usb_device.c; sourceTree = "<group>"; };
		D4F1E6DE1A2204A100C7F394 /* usb_device.h */ = {isa = PBXFileReference; fileEncoding = 4; lastKnownFileType = sourcecode.c.h; path = usb_device.h; sourceTree = "<group>"; };
		D4F1E6E11A220C0800C7F394 /* dfu_file.c */ = {isa = PBXFileReference; fileEncoding = 4; lastKnownFileType = sourcecode.c.c; path = dfu_file.c; sourceTree = "<group>"; };
		D4F1E6E21A220C0800C7F394 /* dfu_file.h */ = {isa = PBXFileReference; fileEncoding = 4; lastKnownFileType = sourcecode.c.h; path = dfu_file.h; sourceTree = "<group>"; };
/* End PBXFileReference section */

/* Begin PBXFrameworksBuildPhase section */
		D4F1E6CE1A22040F00C7F394 /* Frameworks */ = {
			isa = PBXFrameworksBuildPhase;
			buildActionMask = 2147483647;
			files = (
			);
			runOnlyForDeploymentPostprocessing = 0;
		};
/* End PBXFrameworksBuildPhase section */

/* Begin PBXGroup section */
		D4F1E6C81A22040F00C7F394 = {
			isa = PBXGroup;
			children = (
				D4F1E6D31A22040F00C7F394 /* dfu-util */,
				D4F1E6D21A22040F00C7F394 /* Products */,
			);
			sourceTree = "<group>";
		};
		D4F1E6D21A22040F00C7F394 /* Products */ = {
			isa = PBXGroup;
			children = (
				D4F1E6D11A22040F00C7F394 /* dfu-util */,
			);
			name = Products;
			sourceTree = "<group>";
		};
		D4F1E6D31A22040F00C7F394 /* dfu-util */ = {
			isa = PBXGroup;
			children = (
				D4F1E6DB1A2204A100C7F394 /* dfu.c */,
				D4F1E6DC1A2204A100C7F394 /* dfu.h */,
				D4F1E6DD1A2204A100C7F394 /* usb_device.c */,
				D4F1E6DE1A2204A100C7F394 /* usb_device.h */,
				D4F1E6D41A22040F00C7F394 /* main.c */,
				D4F1E6E11A220C0800C7F394 /* dfu_file.c */,
				D4F1E6E21A220C0800C7F394 /* dfu_file.h */,
			);
			path = "dfu-util";
			sourceTree = "<group>";
		};
/* End PBXGroup section */

/* Begin PBXNativeTarget section */
		D4F1E6D01A22040F00C7F394 /* dfu-util */ = {
			isa = PBXNativeTarget;
			buildConfigurationList = D4F1E6D81A22040F00C7F394 /* Build configuration list for PBXNativeTarget "dfu-util" */;
			buildPhases = (
				D4F1E6CD1A22040F00C7F394 /* Sources */,
				D4F1E6CE1A22040F00C7F394 /* Frameworks */,
				D4F1E6CF1A22040F00C7F394 /* CopyFiles */,
			);
			buildRules = (
			);
			dependencies = (
			);
			name = "dfu-util";
			productName = "dfu-util";
			productReference = D4F1E6D11A22040F00C7F394 /* dfu-util */;
			productType = "com.apple.product-type.tool";
		};
/* End PBXNativeTarget section */

/* Begin PBXProject section */
		D4F1E6C91A22040F00C7F394 /* Project object */ = {
			isa = PBXProject;
			attributes = {
				LastUpgradeCheck = 0610;
				TargetAttributes = {
					D4F1E6D01A22040F00C7F394 = {
						CreatedOnToolsVersion = 6.1;
					};
				};
			};
			buildConfigurationList = D4F1E6CC1A22040F00C7F394 /* Build configuration list for PBXProject "dfu-util" */;
			compatibilityVersion = "Xcode 3.2";
			developmentRegion = English;
			hasScannedForEncodings = 0;
			knownRegions = (
				en,
			);
			mainGroup = D4F1E6C81A22040F00C7F394;
			productRefGroup = D4F1E6D21A22040F00C7F394 /* Products */;
			projectDirPath = "";
			projectRoot = "";
			targets = (
				D4F1E6D01A22040F00C7F394 /* dfu-util */,
			);
		};
/* End PBXProject section */

/* Begin PBXSourcesBuildPhase section */
		D4F1E6CD1A22040F00C7F394 /* Sources */ = {
			isa = PBXSourcesBuildPhase;
			buildActionMask = 2147483647;
			files = (
				D4F1E6D51A22040F00C7F394 /* main.c in Sources */,
				D4F1E6DF1A2204A100C7F394 /* dfu.c in Sources */,
				D4F1E6E01A2204A100C7F394 /* usb_device.c in Sources */,
				D4F1E6E31A220C0800C7F394 /* dfu_file.c in Sources */,
			);
			runOnlyForDeploymentPostprocessing = 0;
		};
/* End PBXSourcesBuildPhase section */

/* Begin XCBuildConfiguration section */
		D4F1E6D61A22040F00C7F394 /* Debug */ = {
			isa = XCBuildConfiguration;
			buildSettings = {
				ALWAYS_SEARCH_USER_PATHS = NO;
				CLANG_CXX_LANGUAGE_STANDARD = "gnu++0x";
				CLANG_CXX_LIBRARY = "libc++";
				CLANG_ENABLE_MODULES = YES;
				CLANG_ENABLE_OBJC_ARC = YES;
				CLANG_WARN_BOOL_CONVERSION = YES;
				CLANG_WARN_CONSTANT_CONVERSION = YES;
				CLANG_WARN_DIRECT_OBJC_ISA_USAGE = YES_ERROR;
				CLANG_WARN_EMPTY_BODY = YES;
				CLANG_WARN_ENUM_CONVERSION = YES;
				CLANG_WARN_INT_CONVERSION = YES;
				CLANG_WARN_OBJC_ROOT_CLASS = YES_ERROR;
				CLANG_WARN_UNREACHABLE_CODE = YES;
				CLANG_WARN__DUPLICATE_METHOD_MATCH = YES;
				COPY_PHASE_STRIP = NO;
				ENABLE_STRICT_OBJC_MSGSEND = YES;
				GCC_C_LANGUAGE_STANDARD = gnu99;
				GCC_DYNAMIC_NO_PIC = NO;
				GCC_OPTIMIZATION_LEVEL = 0;
				GCC_PREPROCESSOR_DEFINITIONS = (
					"DEBUG=1",
					"$(inherited)",
				);
				GCC_SYMBOLS_PRIVATE_EXTERN = NO;
				GCC_WARN_64_TO_32_BIT_CONVERSION = YES;
				GCC_WARN_ABOUT_RETURN_TYPE = YES_ERROR;
				GCC_WARN_UNDECLARED_SELECTOR = YES;
				GCC_WARN_UNINITIALIZED_AUTOS = YES_AGGRESSIVE;
				GCC_WARN_UNUSED_FUNCTION = YES;
				GCC_WARN_UNUSED_VARIABLE = YES;
				MACOSX_DEPLOYMENT_TARGET = 10.10;
				MTL_ENABLE_DEBUG_INFO = YES;
				ONLY_ACTIVE_ARCH = YES;
				SDKROOT = macosx;
			};
			name = Debug;
		};
		D4F1E6D71A22040F00C7F394 /* Release */ = {
			isa = XCBuildConfiguration;
			buildSettings = {
				ALWAYS_SEARCH_USER_PATHS = NO;
				CLANG_CXX_LANGUAGE_STANDARD = "gnu++0x";
				CLANG_CXX_LIBRARY = "libc++";
				CLANG_ENABLE_MODULES = YES;
				CLANG_ENABLE_OBJC_ARC = YES;
				CLANG_WARN_BOOL_CONVERSION = YES;
				CLANG_WARN_CONSTANT_CONVERSION = YES;
				CLANG_WARN_DIRECT_OBJC_ISA_USAGE = YES_ERROR;
				CLANG_WARN_EMPTY_BODY = YES;
				CLANG_WARN_ENUM_CONVERSION = YES;
				CLANG_WARN_INT_CONVERSION = YES;
				CLANG_WARN_OBJC_ROOT_CLASS = YES_ERROR;
				CLANG_WARN_UNREACHABLE_CODE = YES;
				CLANG_WARN__DUPLICATE_METHOD_MATCH = YES;
				COPY_PHASE_STRIP = YES;
				DEBUG_INFORMATION_FORMAT = "dwarf-with-dsym";
				ENABLE_NS_ASSERTIONS = NO;
				ENABLE_STRICT_OBJC_MSGSEND = YES;
				GCC_C_LANGUAGE_STANDARD = gnu99;
				GCC_WARN_64_TO_32_BIT_CONVERSION = YES;
				GCC_WARN_ABOUT_RETURN_TYPE = YES_ERROR;
				GCC_WARN_UNDECLARED_SELECTOR = YES;
				GCC_WARN_UNINITIALIZED_AUTOS = YES_AGGRESSIVE;
				GCC_WARN_UNUSED_FUNCTION = YES;
				GCC_WARN_UNUSED_VARIABLE = YES;
				MACOSX_DEPLOYMENT_TARGET = 10.10;
				MTL_ENABLE_DEBUG_INFO = NO;
				SDKROOT = macosx;
			};
			name = Release;
		};
		D4F1E6D91A22040F00C7F394 /* Debug */ = {
			isa = XCBuildConfiguration;
			buildSettings = {
				MACOSX_DEPLOYMENT_TARGET = 10.9;
				PRODUCT_NAME = "$(TARGET_NAME)";
				SDKROOT = macosx10.9;
			};
			name = Debug;
		};
		D4F1E6DA1A22040F00C7F394 /* Release */ = {
			isa = XCBuildConfiguration;
			buildSettings = {
				MACOSX_DEPLOYMENT_TARGET = 10.9;
				PRODUCT_NAME = "$(TARGET_NAME)";
				SDKROOT = macosx10.9;
			};
			name = Release;
		};
/* End XCBuildConfiguration section */

/* Begin XCConfigurationList section */
		D4F1E6CC1A22040F00C7F394 /* Build configuration list for PBXProject "dfu-util" */ = {
			isa = XCConfigurationList;
			buildConfigurations = (
				D4F1E6D61A22040F00C7F394 /* Debug */,
				D4F1E6D71A22040F00C7F394 /* Release */,
			);
			defaultConfigurationIsVisible = 0;
			defaultConfigurationName = Release;
		};
		D4F1E6D81A22040F00C7F394 /* Build configuration list for PBXNativeTarget "dfu-util" */ = {
			isa = XCConfigurationList;
			buildConfigurations = (
				D4F1E6D91A22040F00C7F394 /* Debug */,
				D4F1E6DA1A22040F00C7F394 /* Release */,
			);
			defaultConfigurationIsVisible = 0;
		};
/* End XCConfigurationList section */
	};
	rootObject = D4F1E6C91A22040F00C7F394 /* Project object */;
}
